
Microsoft Visual Studio Solution File, Format Version 12.00
# Visual Studio Version 17
VisualStudioVersion = 17.10.35013.160
MinimumVisualStudioVersion = 10.0.40219.1
Project("{FAE04EC0-301F-11D3-BF4B-00C04F79EFBC}") = "PW_01_C#", "PW_01_C#.csproj", "{4CA74197-8746-4F2F-AD94-3062AF830CDA}"
EndProject
Global
	GlobalSection(SolutionConfigurationPlatforms) = preSolution
		Debug|Any CPU = Debug|Any CPU
		Release|Any CPU = Release|Any CPU
	EndGlobalSection
	GlobalSection(ProjectConfigurationPlatforms) = postSolution
		{4CA74197-8746-4F2F-AD94-3062AF830CDA}.Debug|Any CPU.ActiveCfg = Debug|Any CPU
		{4CA74197-8746-4F2F-AD94-3062AF830CDA}.Debug|Any CPU.Build.0 = Debug|Any CPU
		{4CA74197-8746-4F2F-AD94-3062AF830CDA}.Release|Any CPU.ActiveCfg = Release|Any CPU
		{4CA74197-8746-4F2F-AD94-3062AF830CDA}.Release|Any CPU.Build.0 = Release|Any CPU
	EndGlobalSection
	GlobalSection(SolutionProperties) = preSolution
		HideSolutionNode = FALSE
	EndGlobalSection
	GlobalSection(ExtensibilityGlobals) = postSolution
		SolutionGuid = {0BA383A1-C11F-4C7D-9115-382E5D8DFA04}
	EndGlobalSection
EndGlobal
